{
  "name": "app_of_ride",
  "lockfileVersion": 3,
  "requires": true,
  "packages": {
    "": {
      "name": "app_of_ride",
      "devDependencies": {
        "cz-conventional-changelog": "^1.0.1"
      }
    },
    "node_modules/cz-conventional-changelog": {
      "version": "1.0.1",
      "resolved": "https://registry.npmjs.org/cz-conventional-changelog/-/cz-conventional-changelog-1.0.1.tgz",
      "integrity": "sha512-HQLx6QWpunM8fnhxjOa8cO2LuaazBDmYL5u8dvszgminrW+aS4R1UoDjI4vkpX6fBx52wsBkY/L8kMoUwG7kpA==",
      "dev": true
    }
  }
}
